
Microsoft Visual Studio Solution File, Format Version 12.00
# Visual Studio 14
VisualStudioVersion = 14.0.25123.0
MinimumVisualStudioVersion = 10.0.40219.1
Project("{FAE04EC0-301F-11D3-BF4B-00C04F79EFBC}") = "Raiz.Console", "Maths_cs\Raiz.Console.csproj", "{3DE41404-7D83-4C5A-8791-1E81865DA370}"
EndProject
Project("{FAE04EC0-301F-11D3-BF4B-00C04F79EFBC}") = "Raiz", "Raiz\Raiz.csproj", "{68800B64-8B44-4470-A694-7BDF40C750B8}"
EndProject
Project("{FAE04EC0-301F-11D3-BF4B-00C04F79EFBC}") = "Raiz.WebApp", "Raiz.WebApp\Raiz.WebApp.csproj", "{94B4F9BD-C673-4F7A-BA13-8BAEE62CB6E5}"
EndProject
Global
	GlobalSection(SolutionConfigurationPlatforms) = preSolution
		Debug|Any CPU = Debug|Any CPU
		Debug|ARM = Debug|ARM
		Debug|x64 = Debug|x64
		Debug|x86 = Debug|x86
		Release|Any CPU = Release|Any CPU
		Release|ARM = Release|ARM
		Release|x64 = Release|x64
		Release|x86 = Release|x86
	EndGlobalSection
	GlobalSection(ProjectConfigurationPlatforms) = postSolution
		{3DE41404-7D83-4C5A-8791-1E81865DA370}.Debug|Any CPU.ActiveCfg = Debug|Any CPU
		{3DE41404-7D83-4C5A-8791-1E81865DA370}.Debug|Any CPU.Build.0 = Debug|Any CPU
		{3DE41404-7D83-4C5A-8791-1E81865DA370}.Debug|ARM.ActiveCfg = Debug|Any CPU
		{3DE41404-7D83-4C5A-8791-1E81865DA370}.Debug|ARM.Build.0 = Debug|Any CPU
		{3DE41404-7D83-4C5A-8791-1E81865DA370}.Debug|x64.ActiveCfg = Debug|Any CPU
		{3DE41404-7D83-4C5A-8791-1E81865DA370}.Debug|x64.Build.0 = Debug|Any CPU
		{3DE41404-7D83-4C5A-8791-1E81865DA370}.Debug|x86.ActiveCfg = Debug|Any CPU
		{3DE41404-7D83-4C5A-8791-1E81865DA370}.Debug|x86.Build.0 = Debug|Any CPU
		{3DE41404-7D83-4C5A-8791-1E81865DA370}.Release|Any CPU.ActiveCfg = Release|Any CPU
		{3DE41404-7D83-4C5A-8791-1E81865DA370}.Release|Any CPU.Build.0 = Release|Any CPU
		{3DE41404-7D83-4C5A-8791-1E81865DA370}.Release|ARM.ActiveCfg = Release|Any CPU
		{3DE41404-7D83-4C5A-8791-1E81865DA370}.Release|ARM.Build.0 = Release|Any CPU
		{3DE41404-7D83-4C5A-8791-1E81865DA370}.Release|x64.ActiveCfg = Release|Any CPU
		{3DE41404-7D83-4C5A-8791-1E81865DA370}.Release|x64.Build.0 = Release|Any CPU
		{3DE41404-7D83-4C5A-8791-1E81865DA370}.Release|x86.ActiveCfg = Release|Any CPU
		{3DE41404-7D83-4C5A-8791-1E81865DA370}.Release|x86.Build.0 = Release|Any CPU
		{68800B64-8B44-4470-A694-7BDF40C750B8}.Debug|Any CPU.ActiveCfg = Debug|Any CPU
		{68800B64-8B44-4470-A694-7BDF40C750B8}.Debug|Any CPU.Build.0 = Debug|Any CPU
		{68800B64-8B44-4470-A694-7BDF40C750B8}.Debug|ARM.ActiveCfg = Debug|Any CPU
		{68800B64-8B44-4470-A694-7BDF40C750B8}.Debug|ARM.Build.0 = Debug|Any CPU
		{68800B64-8B44-4470-A694-7BDF40C750B8}.Debug|x64.ActiveCfg = Debug|Any CPU
		{68800B64-8B44-4470-A694-7BDF40C750B8}.Debug|x64.Build.0 = Debug|Any CPU
		{68800B64-8B44-4470-A694-7BDF40C750B8}.Debug|x86.ActiveCfg = Debug|Any CPU
		{68800B64-8B44-4470-A694-7BDF40C750B8}.Debug|x86.Build.0 = Debug|Any CPU
		{68800B64-8B44-4470-A694-7BDF40C750B8}.Release|Any CPU.ActiveCfg = Release|Any CPU
		{68800B64-8B44-4470-A694-7BDF40C750B8}.Release|Any CPU.Build.0 = Release|Any CPU
		{68800B64-8B44-4470-A694-7BDF40C750B8}.Release|ARM.ActiveCfg = Release|Any CPU
		{68800B64-8B44-4470-A694-7BDF40C750B8}.Release|ARM.Build.0 = Release|Any CPU
		{68800B64-8B44-4470-A694-7BDF40C750B8}.Release|x64.ActiveCfg = Release|Any CPU
		{68800B64-8B44-4470-A694-7BDF40C750B8}.Release|x64.Build.0 = Release|Any CPU
		{68800B64-8B44-4470-A694-7BDF40C750B8}.Release|x86.ActiveCfg = Release|Any CPU
		{68800B64-8B44-4470-A694-7BDF40C750B8}.Release|x86.Build.0 = Release|Any CPU
		{94B4F9BD-C673-4F7A-BA13-8BAEE62CB6E5}.Debug|Any CPU.ActiveCfg = Debug|Any CPU
		{94B4F9BD-C673-4F7A-BA13-8BAEE62CB6E5}.Debug|Any CPU.Build.0 = Debug|Any CPU
		{94B4F9BD-C673-4F7A-BA13-8BAEE62CB6E5}.Debug|ARM.ActiveCfg = Debug|Any CPU
		{94B4F9BD-C673-4F7A-BA13-8BAEE62CB6E5}.Debug|ARM.Build.0 = Debug|Any CPU
		{94B4F9BD-C673-4F7A-BA13-8BAEE62CB6E5}.Debug|x64.ActiveCfg = Debug|Any CPU
		{94B4F9BD-C673-4F7A-BA13-8BAEE62CB6E5}.Debug|x64.Build.0 = Debug|Any CPU
		{94B4F9BD-C673-4F7A-BA13-8BAEE62CB6E5}.Debug|x86.ActiveCfg = Debug|Any CPU
		{94B4F9BD-C673-4F7A-BA13-8BAEE62CB6E5}.Debug|x86.Build.0 = Debug|Any CPU
		{94B4F9BD-C673-4F7A-BA13-8BAEE62CB6E5}.Release|Any CPU.ActiveCfg = Release|Any CPU
		{94B4F9BD-C673-4F7A-BA13-8BAEE62CB6E5}.Release|Any CPU.Build.0 = Release|Any CPU
		{94B4F9BD-C673-4F7A-BA13-8BAEE62CB6E5}.Release|ARM.ActiveCfg = Release|Any CPU
		{94B4F9BD-C673-4F7A-BA13-8BAEE62CB6E5}.Release|ARM.Build.0 = Release|Any CPU
		{94B4F9BD-C673-4F7A-BA13-8BAEE62CB6E5}.Release|x64.ActiveCfg = Release|Any CPU
		{94B4F9BD-C673-4F7A-BA13-8BAEE62CB6E5}.Release|x64.Build.0 = Release|Any CPU
		{94B4F9BD-C673-4F7A-BA13-8BAEE62CB6E5}.Release|x86.ActiveCfg = Release|Any CPU
		{94B4F9BD-C673-4F7A-BA13-8BAEE62CB6E5}.Release|x86.Build.0 = Release|Any CPU
	EndGlobalSection
	GlobalSection(SolutionProperties) = preSolution
		HideSolutionNode = FALSE
	EndGlobalSection
EndGlobal
